
Microsoft Visual Studio Solution File, Format Version 12.00
# Visual Studio 15
VisualStudioVersion = 15.0.27703.2026
MinimumVisualStudioVersion = 10.0.40219.1
Project("{FAE04EC0-301F-11D3-BF4B-00C04F79EFBC}") = "HomeWorke1.3", "HomeWorke1.3\HomeWorke1.3.csproj", "{75B81C68-47F0-4F96-B4C7-5EC7DF5D7853}"
EndProject
Global
	GlobalSection(SolutionConfigurationPlatforms) = preSolution
		Debug|Any CPU = Debug|Any CPU
		Release|Any CPU = Release|Any CPU
	EndGlobalSection
	GlobalSection(ProjectConfigurationPlatforms) = postSolution
		{75B81C68-47F0-4F96-B4C7-5EC7DF5D7853}.Debug|Any CPU.ActiveCfg = Debug|Any CPU
		{75B81C68-47F0-4F96-B4C7-5EC7DF5D7853}.Debug|Any CPU.Build.0 = Debug|Any CPU
		{75B81C68-47F0-4F96-B4C7-5EC7DF5D7853}.Release|Any CPU.ActiveCfg = Release|Any CPU
		{75B81C68-47F0-4F96-B4C7-5EC7DF5D7853}.Release|Any CPU.Build.0 = Release|Any CPU
	EndGlobalSection
	GlobalSection(SolutionProperties) = preSolution
		HideSolutionNode = FALSE
	EndGlobalSection
	GlobalSection(ExtensibilityGlobals) = postSolution
		SolutionGuid = {EA6C7FD7-BC87-4A73-885C-1283FB49399A}
	EndGlobalSection
EndGlobal
